// !$*UTF8*$!
{
	archiveVersion = 1;
	classes = {
	};
	objectVersion = 51;
	objects = {

/* Begin PBXBuildFile section */
		34FBE191C141FC0BAA83A48F /* Pods_iOS13_Stopwatch.framework in Frameworks */ = {isa = PBXBuildFile; fileRef = 7742869FF0BCB13479058D35 /* Pods_iOS13_Stopwatch.framework */; };
		3B5A1D84236892C700C00126 /* SceneDelegate.swift in Sources */ = {isa = PBXBuildFile; fileRef = 3B5A1D83236892C700C00126 /* SceneDelegate.swift */; };
		3B86BD022379D3D800ACC2EE /* Podfile in Resources */ = {isa = PBXBuildFile; fileRef = 3B86BD012379D3D800ACC2EE /* Podfile */; };
		3B9D271A236B878C0013B13D /* README.md in Resources */ = {isa = PBXBuildFile; fileRef = 3B9D2719236B878C0013B13D /* README.md */; };
		3BBAFFEE2366165600FCA8BA /* AppDelegate.swift in Sources */ = {isa = PBXBuildFile; fileRef = 3BBAFFED2366165600FCA8BA /* AppDelegate.swift */; };
		3BBAFFF22366165600FCA8BA /* ViewController.swift in Sources */ = {isa = PBXBuildFile; fileRef = 3BBAFFF12366165600FCA8BA /* ViewController.swift */; };
		3BBAFFF52366165600FCA8BA /* Main.storyboard in Resources */ = {isa = PBXBuildFile; fileRef = 3BBAFFF32366165600FCA8BA /* Main.storyboard */; };
		3BBAFFF72366165800FCA8BA /* Assets.xcassets in Resources */ = {isa = PBXBuildFile; fileRef = 3BBAFFF62366165800FCA8BA /* Assets.xcassets */; };
		3BBAFFFA2366165800FCA8BA /* LaunchScreen.storyboard in Resources */ = {isa = PBXBuildFile; fileRef = 3BBAFFF82366165800FCA8BA /* LaunchScreen.storyboard */; };
		3BFF3B782379D66C00B746AF /* PMSuperButton.swift in Sources */ = {isa = PBXBuildFile; fileRef = 3BFF3B772379D66C00B746AF /* PMSuperButton.swift */; };
/* End PBXBuildFile section */

/* Begin PBXFileReference section */
		3B5A1D83236892C700C00126 /* SceneDelegate.swift */ = {isa = PBXFileReference; fileEncoding = 4; lastKnownFileType = sourcecode.swift; path = SceneDelegate.swift; sourceTree = "<group>"; };
		3B86BD012379D3D800ACC2EE /* Podfile */ = {isa = PBXFileReference; fileEncoding = 4; lastKnownFileType = text; path = Podfile; sourceTree = SOURCE_ROOT; xcLanguageSpecificationIdentifier = xcode.lang.ruby; };
		3B9D2719236B878C0013B13D /* README.md */ = {isa = PBXFileReference; fileEncoding = 4; lastKnownFileType = net.daringfireball.markdown; path = README.md; sourceTree = "<group>"; };
		3BBAFFEA2366165600FCA8BA /* iOS13-Stopwatch.app */ = {isa = PBXFileReference; explicitFileType = wrapper.application; includeInIndex = 0; path = "iOS13-Stopwatch.app"; sourceTree = BUILT_PRODUCTS_DIR; };
		3BBAFFED2366165600FCA8BA /* AppDelegate.swift */ = {isa = PBXFileReference; lastKnownFileType = sourcecode.swift; path = AppDelegate.swift; sourceTree = "<group>"; };
		3BBAFFF12366165600FCA8BA /* ViewController.swift */ = {isa = PBXFileReference; lastKnownFileType = sourcecode.swift; path = ViewController.swift; sourceTree = "<group>"; };
		3BBAFFF42366165600FCA8BA /* Base */ = {isa = PBXFileReference; lastKnownFileType = file.storyboard; name = Base; path = Base.lproj/Main.storyboard; sourceTree = "<group>"; };
		3BBAFFF62366165800FCA8BA /* Assets.xcassets */ = {isa = PBXFileReference; lastKnownFileType = folder.assetcatalog; path = Assets.xcassets; sourceTree = "<group>"; };
		3BBAFFF92366165800FCA8BA /* Base */ = {isa = PBXFileReference; lastKnownFileType = file.storyboard; name = Base; path = Base.lproj/LaunchScreen.storyboard; sourceTree = "<group>"; };
		3BBAFFFB2366165800FCA8BA /* Info.plist */ = {isa = PBXFileReference; lastKnownFileType = text.plist.xml; path = Info.plist; sourceTree = "<group>"; };
		3BFF3B772379D66C00B746AF /* PMSuperButton.swift */ = {isa = PBXFileReference; lastKnownFileType = sourcecode.swift; path = PMSuperButton.swift; sourceTree = "<group>"; };
		7742869FF0BCB13479058D35 /* Pods_iOS13_Stopwatch.framework */ = {isa = PBXFileReference; explicitFileType = wrapper.framework; includeInIndex = 0; path = Pods_iOS13_Stopwatch.framework; sourceTree = BUILT_PRODUCTS_DIR; };
		7FB8E35553EFF08B02A5DCB6 /* Pods-iOS13-Stopwatch.debug.xcconfig */ = {isa = PBXFileReference; includeInIndex = 1; lastKnownFileType = text.xcconfig; name = "Pods-iOS13-Stopwatch.debug.xcconfig"; path = "Target Support Files/Pods-iOS13-Stopwatch/Pods-iOS13-Stopwatch.debug.xcconfig"; sourceTree = "<group>"; };
		AD4ABA410E92E05FE978C6C0 /* Pods-iOS13-Stopwatch.release.xcconfig */ = {isa = PBXFileReference; includeInIndex = 1; lastKnownFileType = text.xcconfig; name = "Pods-iOS13-Stopwatch.release.xcconfig"; path = "Target Support Files/Pods-iOS13-Stopwatch/Pods-iOS13-Stopwatch.release.xcconfig"; sourceTree = "<group>"; };
/* End PBXFileReference section */

/* Begin PBXFrameworksBuildPhase section */
		3BBAFFE72366165600FCA8BA /* Frameworks */ = {
			isa = PBXFrameworksBuildPhase;
			buildActionMask = 2147483647;
			files = (
				34FBE191C141FC0BAA83A48F /* Pods_iOS13_Stopwatch.framework in Frameworks */,
			);
			runOnlyForDeploymentPostprocessing = 0;
		};
/* End PBXFrameworksBuildPhase section */

/* Begin PBXGroup section */
		3BBAFFE12366165600FCA8BA = {
			isa = PBXGroup;
			children = (
				3B9D2719236B878C0013B13D /* README.md */,
				3BBAFFEC2366165600FCA8BA /* iOS13-Stopwatch */,
				3BBAFFEB2366165600FCA8BA /* Products */,
				A2021AE56D3F00BBB2FFEA7A /* Pods */,
				D1FE3B5A69722B4F367D1712 /* Frameworks */,
			);
			sourceTree = "<group>";
		};
		3BBAFFEB2366165600FCA8BA /* Products */ = {
			isa = PBXGroup;
			children = (
				3BBAFFEA2366165600FCA8BA /* iOS13-Stopwatch.app */,
			);
			name = Products;
			sourceTree = "<group>";
		};
		3BBAFFEC2366165600FCA8BA /* iOS13-Stopwatch */ = {
			isa = PBXGroup;
			children = (
				3BFF3B762379D64B00B746AF /* Sources */,
				3B86BD012379D3D800ACC2EE /* Podfile */,
				3B5A1D83236892C700C00126 /* SceneDelegate.swift */,
				3BBAFFED2366165600FCA8BA /* AppDelegate.swift */,
				3BBAFFF12366165600FCA8BA /* ViewController.swift */,
				3BBAFFF32366165600FCA8BA /* Main.storyboard */,
				3BBAFFF62366165800FCA8BA /* Assets.xcassets */,
				3BBAFFF82366165800FCA8BA /* LaunchScreen.storyboard */,
				3BBAFFFB2366165800FCA8BA /* Info.plist */,
			);
			path = "iOS13-Stopwatch";
			sourceTree = "<group>";
		};
		3BFF3B762379D64B00B746AF /* Sources */ = {
			isa = PBXGroup;
			children = (
				3BFF3B772379D66C00B746AF /* PMSuperButton.swift */,
			);
			path = Sources;
			sourceTree = "<group>";
		};
		A2021AE56D3F00BBB2FFEA7A /* Pods */ = {
			isa = PBXGroup;
			children = (
				7FB8E35553EFF08B02A5DCB6 /* Pods-iOS13-Stopwatch.debug.xcconfig */,
				AD4ABA410E92E05FE978C6C0 /* Pods-iOS13-Stopwatch.release.xcconfig */,
			);
			name = Pods;
			path = Pods;
			sourceTree = "<group>";
		};
		D1FE3B5A69722B4F367D1712 /* Frameworks */ = {
			isa = PBXGroup;
			children = (
				7742869FF0BCB13479058D35 /* Pods_iOS13_Stopwatch.framework */,
			);
			name = Frameworks;
			sourceTree = "<group>";
		};
/* End PBXGroup section */

/* Begin PBXNativeTarget section */
		3BBAFFE92366165600FCA8BA /* iOS13-Stopwatch */ = {
			isa = PBXNativeTarget;
			buildConfigurationList = 3BBAFFFE2366165800FCA8BA /* Build configuration list for PBXNativeTarget "iOS13-Stopwatch" */;
			buildPhases = (
				CB84B707967C9409B2A5072A /* [CP] Check Pods Manifest.lock */,
				3BBAFFE62366165600FCA8BA /* Sources */,
				3BBAFFE72366165600FCA8BA /* Frameworks */,
				3BBAFFE82366165600FCA8BA /* Resources */,
				4DD4EE32CE3E521E9DB13412 /* [CP] Embed Pods Frameworks */,
			);
			buildRules = (
			);
			dependencies = (
			);
			name = "iOS13-Stopwatch";
			productName = "iOS13-Stopwatch";
			productReference = 3BBAFFEA2366165600FCA8BA /* iOS13-Stopwatch.app */;
			productType = "com.apple.product-type.application";
		};
/* End PBXNativeTarget section */

/* Begin PBXProject section */
		3BBAFFE22366165600FCA8BA /* Project object */ = {
			isa = PBXProject;
			attributes = {
				LastSwiftUpdateCheck = 1110;
				LastUpgradeCheck = 1110;
				ORGANIZATIONNAME = "Piotr Rutkowski";
				TargetAttributes = {
					3BBAFFE92366165600FCA8BA = {
						CreatedOnToolsVersion = 11.1;
					};
				};
			};
			buildConfigurationList = 3BBAFFE52366165600FCA8BA /* Build configuration list for PBXProject "iOS13-Stopwatch" */;
			compatibilityVersion = "Xcode 9.3";
			developmentRegion = en;
			hasScannedForEncodings = 0;
			knownRegions = (
				en,
				Base,
			);
			mainGroup = 3BBAFFE12366165600FCA8BA;
			productRefGroup = 3BBAFFEB2366165600FCA8BA /* Products */;
			projectDirPath = "";
			projectRoot = "";
			targets = (
				3BBAFFE92366165600FCA8BA /* iOS13-Stopwatch */,
			);
		};
/* End PBXProject section */

/* Begin PBXResourcesBuildPhase section */
		3BBAFFE82366165600FCA8BA /* Resources */ = {
			isa = PBXResourcesBuildPhase;
			buildActionMask = 2147483647;
			files = (
				3B86BD022379D3D800ACC2EE /* Podfile in Resources */,
				3BBAFFFA2366165800FCA8BA /* LaunchScreen.storyboard in Resources */,
				3BBAFFF72366165800FCA8BA /* Assets.xcassets in Resources */,
				3B9D271A236B878C0013B13D /* README.md in Resources */,
				3BBAFFF52366165600FCA8BA /* Main.storyboard in Resources */,
			);
			runOnlyForDeploymentPostprocessing = 0;
		};
/* End PBXResourcesBuildPhase section */

/* Begin PBXShellScriptBuildPhase section */
		4DD4EE32CE3E521E9DB13412 /* [CP] Embed Pods Frameworks */ = {
			isa = PBXShellScriptBuildPhase;
			buildActionMask = 2147483647;
			files = (
			);
			inputFileListPaths = (
				"${PODS_ROOT}/Target Support Files/Pods-iOS13-Stopwatch/Pods-iOS13-Stopwatch-frameworks-${CONFIGURATION}-input-files.xcfilelist",
			);
			name = "[CP] Embed Pods Frameworks";
			outputFileListPaths = (
				"${PODS_ROOT}/Target Support Files/Pods-iOS13-Stopwatch/Pods-iOS13-Stopwatch-frameworks-${CONFIGURATION}-output-files.xcfilelist",
			);
			runOnlyForDeploymentPostprocessing = 0;
			shellPath = /bin/sh;
			shellScript = "\"${PODS_ROOT}/Target Support Files/Pods-iOS13-Stopwatch/Pods-iOS13-Stopwatch-frameworks.sh\"\n";
			showEnvVarsInLog = 0;
		};
		CB84B707967C9409B2A5072A /* [CP] Check Pods Manifest.lock */ = {
			isa = PBXShellScriptBuildPhase;
			buildActionMask = 2147483647;
			files = (
			);
			inputFileListPaths = (
			);
			inputPaths = (
				"${PODS_PODFILE_DIR_PATH}/Podfile.lock",
				"${PODS_ROOT}/Manifest.lock",
			);
			name = "[CP] Check Pods Manifest.lock";
			outputFileListPaths = (
			);
			outputPaths = (
				"$(DERIVED_FILE_DIR)/Pods-iOS13-Stopwatch-checkManifestLockResult.txt",
			);
			runOnlyForDeploymentPostprocessing = 0;
			shellPath = /bin/sh;
			shellScript = "diff \"${PODS_PODFILE_DIR_PATH}/Podfile.lock\" \"${PODS_ROOT}/Manifest.lock\" > /dev/null\nif [ $? != 0 ] ; then\n    # print error to STDERR\n    echo \"error: The sandbox is not in sync with the Podfile.lock. Run 'pod install' or update your CocoaPods installation.\" >&2\n    exit 1\nfi\n# This output is used by Xcode 'outputs' to avoid re-running this script phase.\necho \"SUCCESS\" > \"${SCRIPT_OUTPUT_FILE_0}\"\n";
			showEnvVarsInLog = 0;
		};
/* End PBXShellScriptBuildPhase section */

/* Begin PBXSourcesBuildPhase section */
		3BBAFFE62366165600FCA8BA /* Sources */ = {
			isa = PBXSourcesBuildPhase;
			buildActionMask = 2147483647;
			files = (
				3BBAFFF22366165600FCA8BA /* ViewController.swift in Sources */,
				3BBAFFEE2366165600FCA8BA /* AppDelegate.swift in Sources */,
				3BFF3B782379D66C00B746AF /* PMSuperButton.swift in Sources */,
				3B5A1D84236892C700C00126 /* SceneDelegate.swift in Sources */,
			);
			runOnlyForDeploymentPostprocessing = 0;
		};
/* End PBXSourcesBuildPhase section */

/* Begin PBXVariantGroup section */
		3BBAFFF32366165600FCA8BA /* Main.storyboard */ = {
			isa = PBXVariantGroup;
			children = (
				3BBAFFF42366165600FCA8BA /* Base */,
			);
			name = Main.storyboard;
			sourceTree = "<group>";
		};
		3BBAFFF82366165800FCA8BA /* LaunchScreen.storyboard */ = {
			isa = PBXVariantGroup;
			children = (
				3BBAFFF92366165800FCA8BA /* Base */,
			);
			name = LaunchScreen.storyboard;
			sourceTree = "<group>";
		};
/* End PBXVariantGroup section */

/* Begin XCBuildConfiguration section */
		3BBA00002366165800FCA8BA /* Release */ = {
			isa = XCBuildConfiguration;
			baseConfigurationReference = AD4ABA410E92E05FE978C6C0 /* Pods-iOS13-Stopwatch.release.xcconfig */;
			buildSettings = {
				ASSETCATALOG_COMPILER_APPICON_NAME = AppIcon;
				CODE_SIGN_STYLE = Automatic;
				DEVELOPMENT_TEAM = 53GT4DF97F;
				INFOPLIST_FILE = "iOS13-Stopwatch/Info.plist";
				IPHONEOS_DEPLOYMENT_TARGET = 11.0;
				LD_RUNPATH_SEARCH_PATHS = (
					"$(inherited)",
					"@executable_path/Frameworks",
				);
				PRODUCT_BUNDLE_IDENTIFIER = "com.PiotrRutkowski.iOS13-Stopwatch";
				PRODUCT_NAME = "$(TARGET_NAME)";
				SWIFT_VERSION = 5.0;
				TARGETED_DEVICE_FAMILY = 1;
			};
			name = Release;
		};
		3BBAFFFC2366165800FCA8BA /* Debug */ = {
			isa = XCBuildConfiguration;
			buildSettings = {
				ALWAYS_SEARCH_USER_PATHS = NO;
				CLANG_ANALYZER_NONNULL = YES;
				CLANG_ANALYZER_NUMBER_OBJECT_CONVERSION = YES_AGGRESSIVE;
				CLANG_CXX_LANGUAGE_STANDARD = "gnu++14";
				CLANG_CXX_LIBRARY = "libc++";
				CLANG_ENABLE_MODULES = YES;
				CLANG_ENABLE_OBJC_ARC = YES;
				CLANG_ENABLE_OBJC_WEAK = YES;
				CLANG_WARN_BLOCK_CAPTURE_AUTORELEASING = YES;
				CLANG_WARN_BOOL_CONVERSION = YES;
				CLANG_WARN_COMMA = YES;
				CLANG_WARN_CONSTANT_CONVERSION = YES;
				CLANG_WARN_DEPRECATED_OBJC_IMPLEMENTATIONS = YES;
				CLANG_WARN_DIRECT_OBJC_ISA_USAGE = YES_ERROR;
				CLANG_WARN_DOCUMENTATION_COMMENTS = YES;
				CLANG_WARN_EMPTY_BODY = YES;
				CLANG_WARN_ENUM_CONVERSION = YES;
				CLANG_WARN_INFINITE_RECURSION = YES;
				CLANG_WARN_INT_CONVERSION = YES;
				CLANG_WARN_NON_LITERAL_NULL_CONVERSION = YES;
				CLANG_WARN_OBJC_IMPLICIT_RETAIN_SELF = YES;
				CLANG_WARN_OBJC_LITERAL_CONVERSION = YES;
				CLANG_WARN_OBJC_ROOT_CLASS = YES_ERROR;
				CLANG_WARN_RANGE_LOOP_ANALYSIS = YES;
				CLANG_WARN_STRICT_PROTOTYPES = YES;
				CLANG_WARN_SUSPICIOUS_MOVE = YES;
				CLANG_WARN_UNGUARDED_AVAILABILITY = YES_AGGRESSIVE;
				CLANG_WARN_UNREACHABLE_CODE = YES;
				CLANG_WARN__DUPLICATE_METHOD_MATCH = YES;
				COPY_PHASE_STRIP = NO;
				DEBUG_INFORMATION_FORMAT = dwarf;
				ENABLE_STRICT_OBJC_MSGSEND = YES;
				ENABLE_TESTABILITY = YES;
				GCC_C_LANGUAGE_STANDARD = gnu11;
				GCC_DYNAMIC_NO_PIC = NO;
				GCC_NO_COMMON_BLOCKS = YES;
				GCC_OPTIMIZATION_LEVEL = 0;
				GCC_PREPROCESSOR_DEFINITIONS = (
					"DEBUG=1",
					"$(inherited)",
				);
				GCC_WARN_64_TO_32_BIT_CONVERSION = YES;
				GCC_WARN_ABOUT_RETURN_TYPE = YES_ERROR;
				GCC_WARN_UNDECLARED_SELECTOR = YES;
				GCC_WARN_UNINITIALIZED_AUTOS = YES_AGGRESSIVE;
				GCC_WARN_UNUSED_FUNCTION = YES;
				GCC_WARN_UNUSED_VARIABLE = YES;
				IPHONEOS_DEPLOYMENT_TARGET = 13.0;
				MTL_ENABLE_DEBUG_INFO = INCLUDE_SOURCE;
				MTL_FAST_MATH = YES;
				ONLY_ACTIVE_ARCH = YES;
				SDKROOT = iphoneos;
				SWIFT_ACTIVE_COMPILATION_CONDITIONS = DEBUG;
				SWIFT_OPTIMIZATION_LEVEL = "-Onone";
			};
			name = Debug;
		};
		3BBAFFFD2366165800FCA8BA /* Release */ = {
			isa = XCBuildConfiguration;
			buildSettings = {
				ALWAYS_SEARCH_USER_PATHS = NO;
				CLANG_ANALYZER_NONNULL = YES;
				CLANG_ANALYZER_NUMBER_OBJECT_CONVERSION = YES_AGGRESSIVE;
				CLANG_CXX_LANGUAGE_STANDARD = "gnu++14";
				CLANG_CXX_LIBRARY = "libc++";
				CLANG_ENABLE_MODULES = YES;
				CLANG_ENABLE_OBJC_ARC = YES;
				CLANG_ENABLE_OBJC_WEAK = YES;
				CLANG_WARN_BLOCK_CAPTURE_AUTORELEASING = YES;
				CLANG_WARN_BOOL_CONVERSION = YES;
				CLANG_WARN_COMMA = YES;
				CLANG_WARN_CONSTANT_CONVERSION = YES;
				CLANG_WARN_DEPRECATED_OBJC_IMPLEMENTATIONS = YES;
				CLANG_WARN_DIRECT_OBJC_ISA_USAGE = YES_ERROR;
				CLANG_WARN_DOCUMENTATION_COMMENTS = YES;
				CLANG_WARN_EMPTY_BODY = YES;
				CLANG_WARN_ENUM_CONVERSION = YES;
				CLANG_WARN_INFINITE_RECURSION = YES;
				CLANG_WARN_INT_CONVERSION = YES;
				CLANG_WARN_NON_LITERAL_NULL_CONVERSION = YES;
				CLANG_WARN_OBJC_IMPLICIT_RETAIN_SELF = YES;
				CLANG_WARN_OBJC_LITERAL_CONVERSION = YES;
				CLANG_WARN_OBJC_ROOT_CLASS = YES_ERROR;
				CLANG_WARN_RANGE_LOOP_ANALYSIS = YES;
				CLANG_WARN_STRICT_PROTOTYPES = YES;
				CLANG_WARN_SUSPICIOUS_MOVE = YES;
				CLANG_WARN_UNGUARDED_AVAILABILITY = YES_AGGRESSIVE;
				CLANG_WARN_UNREACHABLE_CODE = YES;
				CLANG_WARN__DUPLICATE_METHOD_MATCH = YES;
				COPY_PHASE_STRIP = NO;
				DEBUG_INFORMATION_FORMAT = "dwarf-with-dsym";
				ENABLE_NS_ASSERTIONS = NO;
				ENABLE_STRICT_OBJC_MSGSEND = YES;
				GCC_C_LANGUAGE_STANDARD = gnu11;
				GCC_NO_COMMON_BLOCKS = YES;
				GCC_WARN_64_TO_32_BIT_CONVERSION = YES;
				GCC_WARN_ABOUT_RETURN_TYPE = YES_ERROR;
				GCC_WARN_UNDECLARED_SELECTOR = YES;
				GCC_WARN_UNINITIALIZED_AUTOS = YES_AGGRESSIVE;
				GCC_WARN_UNUSED_FUNCTION = YES;
				GCC_WARN_UNUSED_VARIABLE = YES;
				IPHONEOS_DEPLOYMENT_TARGET = 13.0;
				MTL_ENABLE_DEBUG_INFO = NO;
				MTL_FAST_MATH = YES;
				SDKROOT = iphoneos;
				SWIFT_COMPILATION_MODE = wholemodule;
				SWIFT_OPTIMIZATION_LEVEL = "-O";
				VALIDATE_PRODUCT = YES;
			};
			name = Release;
		};
		3BBAFFFF2366165800FCA8BA /* Debug */ = {
			isa = XCBuildConfiguration;
			baseConfigurationReference = 7FB8E35553EFF08B02A5DCB6 /* Pods-iOS13-Stopwatch.debug.xcconfig */;
			buildSettings = {
				ASSETCATALOG_COMPILER_APPICON_NAME = AppIcon;
				CODE_SIGN_STYLE = Automatic;
				DEVELOPMENT_TEAM = 53GT4DF97F;
				INFOPLIST_FILE = "iOS13-Stopwatch/Info.plist";
				IPHONEOS_DEPLOYMENT_TARGET = 11.0;
				LD_RUNPATH_SEARCH_PATHS = (
					"$(inherited)",
					"@executable_path/Frameworks",
				);
				PRODUCT_BUNDLE_IDENTIFIER = "com.PiotrRutkowski.iOS13-Stopwatch";
				PRODUCT_NAME = "$(TARGET_NAME)";
				SWIFT_VERSION = 5.0;
				TARGETED_DEVICE_FAMILY = 1;
			};
			name = Debug;
		};
/* End XCBuildConfiguration section */

/* Begin XCConfigurationList section */
		3BBAFFE52366165600FCA8BA /* Build configuration list for PBXProject "iOS13-Stopwatch" */ = {
			isa = XCConfigurationList;
			buildConfigurations = (
				3BBAFFFC2366165800FCA8BA /* Debug */,
				3BBAFFFD2366165800FCA8BA /* Release */,
			);
			defaultConfigurationIsVisible = 0;
			defaultConfigurationName = Release;
		};
		3BBAFFFE2366165800FCA8BA /* Build configuration list for PBXNativeTarget "iOS13-Stopwatch" */ = {
			isa = XCConfigurationList;
			buildConfigurations = (
				3BBAFFFF2366165800FCA8BA /* Debug */,
				3BBA00002366165800FCA8BA /* Release */,
			);
			defaultConfigurationIsVisible = 0;
			defaultConfigurationName = Release;
		};
/* End XCConfigurationList section */
	};
	rootObject = 3BBAFFE22366165600FCA8BA /* Project object */;
}
